
Microsoft Visual Studio Solution File, Format Version 12.00
# Visual Studio Version 16
VisualStudioVersion = 16.0.29409.12
MinimumVisualStudioVersion = 10.0.40219.1
Project("{FAE04EC0-301F-11D3-BF4B-00C04F79EFBC}") = "NoteKeeper.UWP", "NoteKeeper\NoteKeeper.UWP\NoteKeeper.UWP.csproj", "{166C9986-0295-41DE-8874-EF80FC8B5B71}"
EndProject
Project("{FAE04EC0-301F-11D3-BF4B-00C04F79EFBC}") = "NoteKeeper.Android", "NoteKeeper\NoteKeeper.Android\NoteKeeper.Android.csproj", "{719B1F58-E8CC-4A1F-80EC-68FDD72D1C5B}"
EndProject
Project("{FAE04EC0-301F-11D3-BF4B-00C04F79EFBC}") = "NoteKeeper.iOS", "NoteKeeper\NoteKeeper.iOS\NoteKeeper.iOS.csproj", "{968B1524-5D90-478B-AA2B-79AF6606808E}"
EndProject
Project("{FAE04EC0-301F-11D3-BF4B-00C04F79EFBC}") = "NoteKeeper", "NoteKeeper\NoteKeeper\NoteKeeper.csproj", "{5B54E706-B2C7-486B-B62A-8E253A0CAB50}"
EndProject
Global
	GlobalSection(SolutionConfigurationPlatforms) = preSolution
		Debug|Any CPU = Debug|Any CPU
		Debug|ARM = Debug|ARM
		Debug|iPhone = Debug|iPhone
		Debug|iPhoneSimulator = Debug|iPhoneSimulator
		Debug|x64 = Debug|x64
		Debug|x86 = Debug|x86
		Release|Any CPU = Release|Any CPU
		Release|ARM = Release|ARM
		Release|iPhone = Release|iPhone
		Release|iPhoneSimulator = Release|iPhoneSimulator
		Release|x64 = Release|x64
		Release|x86 = Release|x86
	EndGlobalSection
	GlobalSection(ProjectConfigurationPlatforms) = postSolution
		{166C9986-0295-41DE-8874-EF80FC8B5B71}.Debug|Any CPU.ActiveCfg = Debug|x86
		{166C9986-0295-41DE-8874-EF80FC8B5B71}.Debug|Any CPU.Build.0 = Debug|x86
		{166C9986-0295-41DE-8874-EF80FC8B5B71}.Debug|Any CPU.Deploy.0 = Debug|x86
		{166C9986-0295-41DE-8874-EF80FC8B5B71}.Debug|ARM.ActiveCfg = Debug|ARM
		{166C9986-0295-41DE-8874-EF80FC8B5B71}.Debug|ARM.Build.0 = Debug|ARM
		{166C9986-0295-41DE-8874-EF80FC8B5B71}.Debug|ARM.Deploy.0 = Debug|ARM
		{166C9986-0295-41DE-8874-EF80FC8B5B71}.Debug|iPhone.ActiveCfg = Debug|x86
		{166C9986-0295-41DE-8874-EF80FC8B5B71}.Debug|iPhone.Build.0 = Debug|x86
		{166C9986-0295-41DE-8874-EF80FC8B5B71}.Debug|iPhone.Deploy.0 = Debug|x86
		{166C9986-0295-41DE-8874-EF80FC8B5B71}.Debug|iPhoneSimulator.ActiveCfg = Debug|x86
		{166C9986-0295-41DE-8874-EF80FC8B5B71}.Debug|iPhoneSimulator.Build.0 = Debug|x86
		{166C9986-0295-41DE-8874-EF80FC8B5B71}.Debug|iPhoneSimulator.Deploy.0 = Debug|x86
		{166C9986-0295-41DE-8874-EF80FC8B5B71}.Debug|x64.ActiveCfg = Debug|x64
		{166C9986-0295-41DE-8874-EF80FC8B5B71}.Debug|x64.Build.0 = Debug|x64
		{166C9986-0295-41DE-8874-EF80FC8B5B71}.Debug|x64.Deploy.0 = Debug|x64
		{166C9986-0295-41DE-8874-EF80FC8B5B71}.Debug|x86.ActiveCfg = Debug|x86
		{166C9986-0295-41DE-8874-EF80FC8B5B71}.Debug|x86.Build.0 = Debug|x86
		{166C9986-0295-41DE-8874-EF80FC8B5B71}.Debug|x86.Deploy.0 = Debug|x86
		{166C9986-0295-41DE-8874-EF80FC8B5B71}.Release|Any CPU.ActiveCfg = Release|x86
		{166C9986-0295-41DE-8874-EF80FC8B5B71}.Release|Any CPU.Build.0 = Release|x86
		{166C9986-0295-41DE-8874-EF80FC8B5B71}.Release|Any CPU.Deploy.0 = Release|x86
		{166C9986-0295-41DE-8874-EF80FC8B5B71}.Release|ARM.ActiveCfg = Release|ARM
		{166C9986-0295-41DE-8874-EF80FC8B5B71}.Release|ARM.Build.0 = Release|ARM
		{166C9986-0295-41DE-8874-EF80FC8B5B71}.Release|ARM.Deploy.0 = Release|ARM
		{166C9986-0295-41DE-8874-EF80FC8B5B71}.Release|iPhone.ActiveCfg = Release|x86
		{166C9986-0295-41DE-8874-EF80FC8B5B71}.Release|iPhone.Build.0 = Release|x86
		{166C9986-0295-41DE-8874-EF80FC8B5B71}.Release|iPhone.Deploy.0 = Release|x86
		{166C9986-0295-41DE-8874-EF80FC8B5B71}.Release|iPhoneSimulator.ActiveCfg = Release|x86
		{166C9986-0295-41DE-8874-EF80FC8B5B71}.Release|iPhoneSimulator.Build.0 = Release|x86
		{166C9986-0295-41DE-8874-EF80FC8B5B71}.Release|iPhoneSimulator.Deploy.0 = Release|x86
		{166C9986-0295-41DE-8874-EF80FC8B5B71}.Release|x64.ActiveCfg = Release|x64
		{166C9986-0295-41DE-8874-EF80FC8B5B71}.Release|x64.Build.0 = Release|x64
		{166C9986-0295-41DE-8874-EF80FC8B5B71}.Release|x64.Deploy.0 = Release|x64
		{166C9986-0295-41DE-8874-EF80FC8B5B71}.Release|x86.ActiveCfg = Release|x86
		{166C9986-0295-41DE-8874-EF80FC8B5B71}.Release|x86.Build.0 = Release|x86
		{166C9986-0295-41DE-8874-EF80FC8B5B71}.Release|x86.Deploy.0 = Release|x86
		{719B1F58-E8CC-4A1F-80EC-68FDD72D1C5B}.Debug|Any CPU.ActiveCfg = Debug|Any CPU
		{719B1F58-E8CC-4A1F-80EC-68FDD72D1C5B}.Debug|Any CPU.Build.0 = Debug|Any CPU
		{719B1F58-E8CC-4A1F-80EC-68FDD72D1C5B}.Debug|Any CPU.Deploy.0 = Debug|Any CPU
		{719B1F58-E8CC-4A1F-80EC-68FDD72D1C5B}.Debug|ARM.ActiveCfg = Debug|Any CPU
		{719B1F58-E8CC-4A1F-80EC-68FDD72D1C5B}.Debug|ARM.Build.0 = Debug|Any CPU
		{719B1F58-E8CC-4A1F-80EC-68FDD72D1C5B}.Debug|ARM.Deploy.0 = Debug|Any CPU
		{719B1F58-E8CC-4A1F-80EC-68FDD72D1C5B}.Debug|iPhone.ActiveCfg = Debug|Any CPU
		{719B1F58-E8CC-4A1F-80EC-68FDD72D1C5B}.Debug|iPhone.Build.0 = Debug|Any CPU
		{719B1F58-E8CC-4A1F-80EC-68FDD72D1C5B}.Debug|iPhone.Deploy.0 = Debug|Any CPU
		{719B1F58-E8CC-4A1F-80EC-68FDD72D1C5B}.Debug|iPhoneSimulator.ActiveCfg = Debug|Any CPU
		{719B1F58-E8CC-4A1F-80EC-68FDD72D1C5B}.Debug|iPhoneSimulator.Build.0 = Debug|Any CPU
		{719B1F58-E8CC-4A1F-80EC-68FDD72D1C5B}.Debug|iPhoneSimulator.Deploy.0 = Debug|Any CPU
		{719B1F58-E8CC-4A1F-80EC-68FDD72D1C5B}.Debug|x64.ActiveCfg = Debug|Any CPU
		{719B1F58-E8CC-4A1F-80EC-68FDD72D1C5B}.Debug|x64.Build.0 = Debug|Any CPU
		{719B1F58-E8CC-4A1F-80EC-68FDD72D1C5B}.Debug|x64.Deploy.0 = Debug|Any CPU
		{719B1F58-E8CC-4A1F-80EC-68FDD72D1C5B}.Debug|x86.ActiveCfg = Debug|Any CPU
		{719B1F58-E8CC-4A1F-80EC-68FDD72D1C5B}.Debug|x86.Build.0 = Debug|Any CPU
		{719B1F58-E8CC-4A1F-80EC-68FDD72D1C5B}.Debug|x86.Deploy.0 = Debug|Any CPU
		{719B1F58-E8CC-4A1F-80EC-68FDD72D1C5B}.Release|Any CPU.ActiveCfg = Release|Any CPU
		{719B1F58-E8CC-4A1F-80EC-68FDD72D1C5B}.Release|Any CPU.Build.0 = Release|Any CPU
		{719B1F58-E8CC-4A1F-80EC-68FDD72D1C5B}.Release|Any CPU.Deploy.0 = Release|Any CPU
		{719B1F58-E8CC-4A1F-80EC-68FDD72D1C5B}.Release|ARM.ActiveCfg = Release|Any CPU
		{719B1F58-E8CC-4A1F-80EC-68FDD72D1C5B}.Release|ARM.Build.0 = Release|Any CPU
		{719B1F58-E8CC-4A1F-80EC-68FDD72D1C5B}.Release|ARM.Deploy.0 = Release|Any CPU
		{719B1F58-E8CC-4A1F-80EC-68FDD72D1C5B}.Release|iPhone.ActiveCfg = Release|Any CPU
		{719B1F58-E8CC-4A1F-80EC-68FDD72D1C5B}.Release|iPhone.Build.0 = Release|Any CPU
		{719B1F58-E8CC-4A1F-80EC-68FDD72D1C5B}.Release|iPhone.Deploy.0 = Release|Any CPU
		{719B1F58-E8CC-4A1F-80EC-68FDD72D1C5B}.Release|iPhoneSimulator.ActiveCfg = Release|Any CPU
		{719B1F58-E8CC-4A1F-80EC-68FDD72D1C5B}.Release|iPhoneSimulator.Build.0 = Release|Any CPU
		{719B1F58-E8CC-4A1F-80EC-68FDD72D1C5B}.Release|iPhoneSimulator.Deploy.0 = Release|Any CPU
		{719B1F58-E8CC-4A1F-80EC-68FDD72D1C5B}.Release|x64.ActiveCfg = Release|Any CPU
		{719B1F58-E8CC-4A1F-80EC-68FDD72D1C5B}.Release|x64.Build.0 = Release|Any CPU
		{719B1F58-E8CC-4A1F-80EC-68FDD72D1C5B}.Release|x64.Deploy.0 = Release|Any CPU
		{719B1F58-E8CC-4A1F-80EC-68FDD72D1C5B}.Release|x86.ActiveCfg = Release|Any CPU
		{719B1F58-E8CC-4A1F-80EC-68FDD72D1C5B}.Release|x86.Build.0 = Release|Any CPU
		{719B1F58-E8CC-4A1F-80EC-68FDD72D1C5B}.Release|x86.Deploy.0 = Release|Any CPU
		{968B1524-5D90-478B-AA2B-79AF6606808E}.Debug|Any CPU.ActiveCfg = Debug|iPhone
		{968B1524-5D90-478B-AA2B-79AF6606808E}.Debug|Any CPU.Build.0 = Debug|iPhone
		{968B1524-5D90-478B-AA2B-79AF6606808E}.Debug|Any CPU.Deploy.0 = Debug|iPhone
		{968B1524-5D90-478B-AA2B-79AF6606808E}.Debug|ARM.ActiveCfg = Debug|iPhoneSimulator
		{968B1524-5D90-478B-AA2B-79AF6606808E}.Debug|ARM.Build.0 = Debug|iPhoneSimulator
		{968B1524-5D90-478B-AA2B-79AF6606808E}.Debug|ARM.Deploy.0 = Debug|iPhoneSimulator
		{968B1524-5D90-478B-AA2B-79AF6606808E}.Debug|iPhone.ActiveCfg = Debug|iPhone
		{968B1524-5D90-478B-AA2B-79AF6606808E}.Debug|iPhone.Build.0 = Debug|iPhone
		{968B1524-5D90-478B-AA2B-79AF6606808E}.Debug|iPhone.Deploy.0 = Debug|iPhone
		{968B1524-5D90-478B-AA2B-79AF6606808E}.Debug|iPhoneSimulator.ActiveCfg = Debug|iPhoneSimulator
		{968B1524-5D90-478B-AA2B-79AF6606808E}.Debug|iPhoneSimulator.Build.0 = Debug|iPhoneSimulator
		{968B1524-5D90-478B-AA2B-79AF6606808E}.Debug|iPhoneSimulator.Deploy.0 = Debug|iPhoneSimulator
		{968B1524-5D90-478B-AA2B-79AF6606808E}.Debug|x64.ActiveCfg = Debug|iPhone
		{968B1524-5D90-478B-AA2B-79AF6606808E}.Debug|x64.Build.0 = Debug|iPhone
		{968B1524-5D90-478B-AA2B-79AF6606808E}.Debug|x64.Deploy.0 = Debug|iPhone
		{968B1524-5D90-478B-AA2B-79AF6606808E}.Debug|x86.ActiveCfg = Debug|iPhone
		{968B1524-5D90-478B-AA2B-79AF6606808E}.Debug|x86.Build.0 = Debug|iPhone
		{968B1524-5D90-478B-AA2B-79AF6606808E}.Debug|x86.Deploy.0 = Debug|iPhone
		{968B1524-5D90-478B-AA2B-79AF6606808E}.Release|Any CPU.ActiveCfg = Release|iPhone
		{968B1524-5D90-478B-AA2B-79AF6606808E}.Release|Any CPU.Build.0 = Release|iPhone
		{968B1524-5D90-478B-AA2B-79AF6606808E}.Release|Any CPU.Deploy.0 = Release|iPhone
		{968B1524-5D90-478B-AA2B-79AF6606808E}.Release|ARM.ActiveCfg = Release|iPhone
		{968B1524-5D90-478B-AA2B-79AF6606808E}.Release|ARM.Build.0 = Release|iPhone
		{968B1524-5D90-478B-AA2B-79AF6606808E}.Release|ARM.Deploy.0 = Release|iPhone
		{968B1524-5D90-478B-AA2B-79AF6606808E}.Release|iPhone.ActiveCfg = Release|iPhone
		{968B1524-5D90-478B-AA2B-79AF6606808E}.Release|iPhone.Build.0 = Release|iPhone
		{968B1524-5D90-478B-AA2B-79AF6606808E}.Release|iPhone.Deploy.0 = Release|iPhone
		{968B1524-5D90-478B-AA2B-79AF6606808E}.Release|iPhoneSimulator.ActiveCfg = Release|iPhoneSimulator
		{968B1524-5D90-478B-AA2B-79AF6606808E}.Release|iPhoneSimulator.Build.0 = Release|iPhoneSimulator
		{968B1524-5D90-478B-AA2B-79AF6606808E}.Release|iPhoneSimulator.Deploy.0 = Release|iPhoneSimulator
		{968B1524-5D90-478B-AA2B-79AF6606808E}.Release|x64.ActiveCfg = Release|iPhone
		{968B1524-5D90-478B-AA2B-79AF6606808E}.Release|x64.Build.0 = Release|iPhone
		{968B1524-5D90-478B-AA2B-79AF6606808E}.Release|x64.Deploy.0 = Release|iPhone
		{968B1524-5D90-478B-AA2B-79AF6606808E}.Release|x86.ActiveCfg = Release|iPhone
		{968B1524-5D90-478B-AA2B-79AF6606808E}.Release|x86.Build.0 = Release|iPhone
		{968B1524-5D90-478B-AA2B-79AF6606808E}.Release|x86.Deploy.0 = Release|iPhone
		{5B54E706-B2C7-486B-B62A-8E253A0CAB50}.Debug|Any CPU.ActiveCfg = Debug|Any CPU
		{5B54E706-B2C7-486B-B62A-8E253A0CAB50}.Debug|Any CPU.Build.0 = Debug|Any CPU
		{5B54E706-B2C7-486B-B62A-8E253A0CAB50}.Debug|Any CPU.Deploy.0 = Debug|Any CPU
		{5B54E706-B2C7-486B-B62A-8E253A0CAB50}.Debug|ARM.ActiveCfg = Debug|Any CPU
		{5B54E706-B2C7-486B-B62A-8E253A0CAB50}.Debug|ARM.Build.0 = Debug|Any CPU
		{5B54E706-B2C7-486B-B62A-8E253A0CAB50}.Debug|ARM.Deploy.0 = Debug|Any CPU
		{5B54E706-B2C7-486B-B62A-8E253A0CAB50}.Debug|iPhone.ActiveCfg = Debug|Any CPU
		{5B54E706-B2C7-486B-B62A-8E253A0CAB50}.Debug|iPhone.Build.0 = Debug|Any CPU
		{5B54E706-B2C7-486B-B62A-8E253A0CAB50}.Debug|iPhone.Deploy.0 = Debug|Any CPU
		{5B54E706-B2C7-486B-B62A-8E253A0CAB50}.Debug|iPhoneSimulator.ActiveCfg = Debug|Any CPU
		{5B54E706-B2C7-486B-B62A-8E253A0CAB50}.Debug|iPhoneSimulator.Build.0 = Debug|Any CPU
		{5B54E706-B2C7-486B-B62A-8E253A0CAB50}.Debug|iPhoneSimulator.Deploy.0 = Debug|Any CPU
		{5B54E706-B2C7-486B-B62A-8E253A0CAB50}.Debug|x64.ActiveCfg = Debug|Any CPU
		{5B54E706-B2C7-486B-B62A-8E253A0CAB50}.Debug|x64.Build.0 = Debug|Any CPU
		{5B54E706-B2C7-486B-B62A-8E253A0CAB50}.Debug|x64.Deploy.0 = Debug|Any CPU
		{5B54E706-B2C7-486B-B62A-8E253A0CAB50}.Debug|x86.ActiveCfg = Debug|Any CPU
		{5B54E706-B2C7-486B-B62A-8E253A0CAB50}.Debug|x86.Build.0 = Debug|Any CPU
		{5B54E706-B2C7-486B-B62A-8E253A0CAB50}.Debug|x86.Deploy.0 = Debug|Any CPU
		{5B54E706-B2C7-486B-B62A-8E253A0CAB50}.Release|Any CPU.ActiveCfg = Release|Any CPU
		{5B54E706-B2C7-486B-B62A-8E253A0CAB50}.Release|Any CPU.Build.0 = Release|Any CPU
		{5B54E706-B2C7-486B-B62A-8E253A0CAB50}.Release|Any CPU.Deploy.0 = Release|Any CPU
		{5B54E706-B2C7-486B-B62A-8E253A0CAB50}.Release|ARM.ActiveCfg = Release|Any CPU
		{5B54E706-B2C7-486B-B62A-8E253A0CAB50}.Release|ARM.Build.0 = Release|Any CPU
		{5B54E706-B2C7-486B-B62A-8E253A0CAB50}.Release|ARM.Deploy.0 = Release|Any CPU
		{5B54E706-B2C7-486B-B62A-8E253A0CAB50}.Release|iPhone.ActiveCfg = Release|Any CPU
		{5B54E706-B2C7-486B-B62A-8E253A0CAB50}.Release|iPhone.Build.0 = Release|Any CPU
		{5B54E706-B2C7-486B-B62A-8E253A0CAB50}.Release|iPhone.Deploy.0 = Release|Any CPU
		{5B54E706-B2C7-486B-B62A-8E253A0CAB50}.Release|iPhoneSimulator.ActiveCfg = Release|Any CPU
		{5B54E706-B2C7-486B-B62A-8E253A0CAB50}.Release|iPhoneSimulator.Build.0 = Release|Any CPU
		{5B54E706-B2C7-486B-B62A-8E253A0CAB50}.Release|iPhoneSimulator.Deploy.0 = Release|Any CPU
		{5B54E706-B2C7-486B-B62A-8E253A0CAB50}.Release|x64.ActiveCfg = Release|Any CPU
		{5B54E706-B2C7-486B-B62A-8E253A0CAB50}.Release|x64.Build.0 = Release|Any CPU
		{5B54E706-B2C7-486B-B62A-8E253A0CAB50}.Release|x64.Deploy.0 = Release|Any CPU
		{5B54E706-B2C7-486B-B62A-8E253A0CAB50}.Release|x86.ActiveCfg = Release|Any CPU
		{5B54E706-B2C7-486B-B62A-8E253A0CAB50}.Release|x86.Build.0 = Release|Any CPU
		{5B54E706-B2C7-486B-B62A-8E253A0CAB50}.Release|x86.Deploy.0 = Release|Any CPU
	EndGlobalSection
	GlobalSection(SolutionProperties) = preSolution
		HideSolutionNode = FALSE
	EndGlobalSection
	GlobalSection(ExtensibilityGlobals) = postSolution
		SolutionGuid = {77735369-258E-4AD8-BCAB-BE1C859273C8}
	EndGlobalSection
EndGlobal
